{
  "name": "mojang-lib",
  "version": "0.0.1",
  "lockfileVersion": 3,
  "requires": true,
  "packages": {
    "": {
      "name": "mojang-lib",
      "version": "0.0.1",
      "license": "MIT",
      "dependencies": {
        "js-base64": "^2.4.9",
        "minecraft-data": "latest",
        "undici": "latest"
      }
    },
    "node_modules/busboy": {
      "version": "1.6.0",
      "resolved": "https://registry.npmjs.org/busboy/-/busboy-1.6.0.tgz",
      "integrity": "sha512-8SFQbg/0hQ9xy3UNTB0YEnsNBbWfhf7RtnzpL7TkBiTBRfrQ9Fxcnz7VJsleJpyp6rVLvXiuORqjlHi5q+PYuA==",
      "dependencies": {
        "streamsearch": "^1.1.0"
      },
      "engines": {
        "node": ">=10.16.0"
      }
    },
    "node_modules/js-base64": {
      "version": "2.4.9",
      "resolved": "https://registry.npmjs.org/js-base64/-/js-base64-2.4.9.tgz",
      "integrity": "sha512-xcinL3AuDJk7VSzsHgb9DvvIXayBbadtMZ4HFPx8rUszbW1MuNMlwYVC4zzCZ6e1sqZpnNS5ZFYOhXqA39T7LQ=="
    },
    "node_modules/minecraft-data": {
      "version": "3.36.1",
      "resolved": "https://registry.npmjs.org/minecraft-data/-/minecraft-data-3.36.1.tgz",
      "integrity": "sha512-sZSvRQ5gROFopz6DAJORyDgydP+64qF9yREl5vYH7BYIUXn4xiwdVzQUL7KMdXuCPtHReVy92EANZOsuYCFDFg=="
    },
    "node_modules/streamsearch": {
      "version": "1.1.0",
      "resolved": "https://registry.npmjs.org/streamsearch/-/streamsearch-1.1.0.tgz",
      "integrity": "sha512-Mcc5wHehp9aXz1ax6bZUyY5afg9u2rv5cqQI3mRrYkGC8rW2hM02jWuwjtL++LS5qinSyhj2QfLyNsuc+VsExg==",
      "engines": {
        "node": ">=10.0.0"
      }
    },
    "node_modules/undici": {
      "version": "5.22.1",
      "resolved": "https://registry.npmjs.org/undici/-/undici-5.22.1.tgz",
      "integrity": "sha512-Ji2IJhFXZY0x/0tVBXeQwgPlLWw13GVzpsWPQ3rV50IFMMof2I55PZZxtm4P6iNq+L5znYN9nSTAq0ZyE6lSJw==",
      "dependencies": {
        "busboy": "^1.6.0"
      },
      "engines": {
        "node": ">=14.0"
      }
    }
  }
}
